{
  "name": "ngx-mrz-sdk",
  "version": "0.0.1",
  "lockfileVersion": 2,
  "requires": true,
  "packages": {
    "": {
      "name": "ngx-mrz-sdk",
      "version": "0.0.1",
      "dependencies": {
        "dynamsoft-camera-enhancer": "^3.0.1",
        "dynamsoft-label-recognizer": "^2.2.11",
        "tslib": "^2.3.0"
      },
      "peerDependencies": {
        "@angular/common": "^14.1.0",
        "@angular/core": "^14.1.0"
      }
    },
    "node_modules/@angular/common": {
      "version": "14.1.3",
      "resolved": "https://registry.npmjs.org/@angular/common/-/common-14.1.3.tgz",
      "integrity": "sha512-t5zidNLcQrgrShBFFsEhvJ6yKw5jwv/Td/AQrknQzrAz3kVBH4dOZGC5jolasFipy/P1DNoG2K+igPCGeskc4w==",
      "peer": true,
      "dependencies": {
        "tslib": "^2.3.0"
      },
      "engines": {
        "node": "^14.15.0 || >=16.10.0"
      },
      "peerDependencies": {
        "@angular/core": "14.1.3",
        "rxjs": "^6.5.3 || ^7.4.0"
      }
    },
    "node_modules/@angular/core": {
      "version": "14.1.3",
      "resolved": "https://registry.npmjs.org/@angular/core/-/core-14.1.3.tgz",
      "integrity": "sha512-V3OJD4cShjLzyJAWQ1ogSW0WhKJwti5zsoT1SQ2RoA5UScBPzZN/F/0n/4IupHeaIC+NfaLX916xKTGWA8G8SQ==",
      "peer": true,
      "dependencies": {
        "tslib": "^2.3.0"
      },
      "engines": {
        "node": "^14.15.0 || >=16.10.0"
      },
      "peerDependencies": {
        "rxjs": "^6.5.3 || ^7.4.0",
        "zone.js": "~0.11.4"
      }
    },
    "node_modules/dm-fabric": {
      "version": "5.1.17",
      "resolved": "https://registry.npmjs.org/dm-fabric/-/dm-fabric-5.1.17.tgz",
      "integrity": "sha512-YouI4F+svfqTi3FM9fKG8ZqtdygzLbAzaA53QfekreLvJRqaHhCplk+2EF+cgMmuO5kY62m2Pm0pBqqV/sc5Vg==",
      "engines": {
        "node": ">=14.0.0"
      }
    },
    "node_modules/dm-howler": {
      "version": "2.2.4",
      "resolved": "https://registry.npmjs.org/dm-howler/-/dm-howler-2.2.4.tgz",
      "integrity": "sha512-h+iDEP/cyALeqWNtGdZZRwm3buSwaG26wzF6fCUGhvkF/yxYoWb8F/v7qN+urqdZw3wotZGO/01rDlzOxJUUGw=="
    },
    "node_modules/dynamsoft-camera-enhancer": {
      "version": "3.0.1",
      "resolved": "https://registry.npmjs.org/dynamsoft-camera-enhancer/-/dynamsoft-camera-enhancer-3.0.1.tgz",
      "integrity": "sha512-iPH/1LDYtyUM54IADR0XE4MkPFZNV/mZaD9QXp4z8YA5atFFk5xawxrsWz6GHAuO2YF94+1kItcYzCkOV5CdlA==",
      "dependencies": {
        "dm-fabric": "^5.1.17"
      }
    },
    "node_modules/dynamsoft-label-recognizer": {
      "version": "2.2.11",
      "resolved": "https://registry.npmjs.org/dynamsoft-label-recognizer/-/dynamsoft-label-recognizer-2.2.11.tgz",
      "integrity": "sha512-rqVlNboEZkG++Y3daZJnaztfbJ4DJGR++3C0XfV1XNKU55MWh/CQPt/H3x3s1rxA0xgYan4NX7fC7fzx12rp1g==",
      "dependencies": {
        "dm-howler": "^2.2.4"
      },
      "peerDependencies": {
        "dynamsoft-camera-enhancer": "3.0.1",
        "node-fetch": "^2.6.1",
        "node-localstorage": "^2.1.6"
      },
      "peerDependenciesMeta": {
        "dynamsoft-camera-enhancer": {
          "optional": true
        },
        "node-fetch": {
          "optional": true
        },
        "node-localstorage": {
          "optional": true
        }
      }
    },
    "node_modules/rxjs": {
      "version": "7.5.6",
      "resolved": "https://registry.npmjs.org/rxjs/-/rxjs-7.5.6.tgz",
      "integrity": "sha512-dnyv2/YsXhnm461G+R/Pe5bWP41Nm6LBXEYWI6eiFP4fiwx6WRI/CD0zbdVAudd9xwLEF2IDcKXLHit0FYjUzw==",
      "peer": true,
      "dependencies": {
        "tslib": "^2.1.0"
      }
    },
    "node_modules/tslib": {
      "version": "2.4.0",
      "resolved": "https://registry.npmjs.org/tslib/-/tslib-2.4.0.tgz",
      "integrity": "sha512-d6xOpEDfsi2CZVlPQzGeux8XMwLT9hssAsaPYExaQMuYskwb+x1x7J371tWlbBdWHroy99KnVB6qIkUbs5X3UQ=="
    },
    "node_modules/zone.js": {
      "version": "0.11.8",
      "resolved": "https://registry.npmjs.org/zone.js/-/zone.js-0.11.8.tgz",
      "integrity": "sha512-82bctBg2hKcEJ21humWIkXRlLBBmrc3nN7DFh5LGGhcyycO2S7FN8NmdvlcKaGFDNVL4/9kFLmwmInTavdJERA==",
      "peer": true,
      "dependencies": {
        "tslib": "^2.3.0"
      }
    }
  },
  "dependencies": {
    "@angular/common": {
      "version": "14.1.3",
      "resolved": "https://registry.npmjs.org/@angular/common/-/common-14.1.3.tgz",
      "integrity": "sha512-t5zidNLcQrgrShBFFsEhvJ6yKw5jwv/Td/AQrknQzrAz3kVBH4dOZGC5jolasFipy/P1DNoG2K+igPCGeskc4w==",
      "peer": true,
      "requires": {
        "tslib": "^2.3.0"
      }
    },
    "@angular/core": {
      "version": "14.1.3",
      "resolved": "https://registry.npmjs.org/@angular/core/-/core-14.1.3.tgz",
      "integrity": "sha512-V3OJD4cShjLzyJAWQ1ogSW0WhKJwti5zsoT1SQ2RoA5UScBPzZN/F/0n/4IupHeaIC+NfaLX916xKTGWA8G8SQ==",
      "peer": true,
      "requires": {
        "tslib": "^2.3.0"
      }
    },
    "dm-fabric": {
      "version": "5.1.17",
      "resolved": "https://registry.npmjs.org/dm-fabric/-/dm-fabric-5.1.17.tgz",
      "integrity": "sha512-YouI4F+svfqTi3FM9fKG8ZqtdygzLbAzaA53QfekreLvJRqaHhCplk+2EF+cgMmuO5kY62m2Pm0pBqqV/sc5Vg=="
    },
    "dm-howler": {
      "version": "2.2.4",
      "resolved": "https://registry.npmjs.org/dm-howler/-/dm-howler-2.2.4.tgz",
      "integrity": "sha512-h+iDEP/cyALeqWNtGdZZRwm3buSwaG26wzF6fCUGhvkF/yxYoWb8F/v7qN+urqdZw3wotZGO/01rDlzOxJUUGw=="
    },
    "dynamsoft-camera-enhancer": {
      "version": "3.0.1",
      "resolved": "https://registry.npmjs.org/dynamsoft-camera-enhancer/-/dynamsoft-camera-enhancer-3.0.1.tgz",
      "integrity": "sha512-iPH/1LDYtyUM54IADR0XE4MkPFZNV/mZaD9QXp4z8YA5atFFk5xawxrsWz6GHAuO2YF94+1kItcYzCkOV5CdlA==",
      "requires": {
        "dm-fabric": "^5.1.17"
      }
    },
    "dynamsoft-label-recognizer": {
      "version": "2.2.11",
      "resolved": "https://registry.npmjs.org/dynamsoft-label-recognizer/-/dynamsoft-label-recognizer-2.2.11.tgz",
      "integrity": "sha512-rqVlNboEZkG++Y3daZJnaztfbJ4DJGR++3C0XfV1XNKU55MWh/CQPt/H3x3s1rxA0xgYan4NX7fC7fzx12rp1g==",
      "requires": {
        "dm-howler": "^2.2.4"
      }
    },
    "rxjs": {
      "version": "7.5.6",
      "resolved": "https://registry.npmjs.org/rxjs/-/rxjs-7.5.6.tgz",
      "integrity": "sha512-dnyv2/YsXhnm461G+R/Pe5bWP41Nm6LBXEYWI6eiFP4fiwx6WRI/CD0zbdVAudd9xwLEF2IDcKXLHit0FYjUzw==",
      "peer": true,
      "requires": {
        "tslib": "^2.1.0"
      }
    },
    "tslib": {
      "version": "2.4.0",
      "resolved": "https://registry.npmjs.org/tslib/-/tslib-2.4.0.tgz",
      "integrity": "sha512-d6xOpEDfsi2CZVlPQzGeux8XMwLT9hssAsaPYExaQMuYskwb+x1x7J371tWlbBdWHroy99KnVB6qIkUbs5X3UQ=="
    },
    "zone.js": {
      "version": "0.11.8",
      "resolved": "https://registry.npmjs.org/zone.js/-/zone.js-0.11.8.tgz",
      "integrity": "sha512-82bctBg2hKcEJ21humWIkXRlLBBmrc3nN7DFh5LGGhcyycO2S7FN8NmdvlcKaGFDNVL4/9kFLmwmInTavdJERA==",
      "peer": true,
      "requires": {
        "tslib": "^2.3.0"
      }
    }
  }
}
